
Microsoft Visual Studio Solution File, Format Version 12.00
# Visual Studio Version 17
VisualStudioVersion = 17.3.32804.467
MinimumVisualStudioVersion = 10.0.40219.1
Project("{FAE04EC0-301F-11D3-BF4B-00C04F79EFBC}") = "P_ONG_MiAu_Etc_e_Tal", "P_ONG_MiAu_Etc_e_Tal\P_ONG_MiAu_Etc_e_Tal.csproj", "{3B89DC7D-1252-42CD-9979-699D6C255158}"
EndProject
Global
	GlobalSection(SolutionConfigurationPlatforms) = preSolution
		Debug|Any CPU = Debug|Any CPU
		Release|Any CPU = Release|Any CPU
	EndGlobalSection
	GlobalSection(ProjectConfigurationPlatforms) = postSolution
		{3B89DC7D-1252-42CD-9979-699D6C255158}.Debug|Any CPU.ActiveCfg = Debug|Any CPU
		{3B89DC7D-1252-42CD-9979-699D6C255158}.Debug|Any CPU.Build.0 = Debug|Any CPU
		{3B89DC7D-1252-42CD-9979-699D6C255158}.Release|Any CPU.ActiveCfg = Release|Any CPU
		{3B89DC7D-1252-42CD-9979-699D6C255158}.Release|Any CPU.Build.0 = Release|Any CPU
	EndGlobalSection
	GlobalSection(SolutionProperties) = preSolution
		HideSolutionNode = FALSE
	EndGlobalSection
	GlobalSection(ExtensibilityGlobals) = postSolution
		SolutionGuid = {53D76C03-EB9C-4E30-9F5A-C818BA0972B7}
	EndGlobalSection
EndGlobal
